
Microsoft Visual Studio Solution File, Format Version 12.00
# Visual Studio 15
VisualStudioVersion = 15.0.28307.902
MinimumVisualStudioVersion = 10.0.40219.1
Project("{8BC9CEB8-8B4A-11D0-8D11-00A0C91BC942}") = "给定权值，哈弗曼编码、译码", "给定权值，哈弗曼编码、译码\给定权值，哈弗曼编码、译码.vcxproj", "{6B1D0739-0839-41E4-B9B3-596C4D11402B}"
EndProject
Global
	GlobalSection(SolutionConfigurationPlatforms) = preSolution
		Debug|x64 = Debug|x64
		Debug|x86 = Debug|x86
		Release|x64 = Release|x64
		Release|x86 = Release|x86
	EndGlobalSection
	GlobalSection(ProjectConfigurationPlatforms) = postSolution
		{6B1D0739-0839-41E4-B9B3-596C4D11402B}.Debug|x64.ActiveCfg = Debug|x64
		{6B1D0739-0839-41E4-B9B3-596C4D11402B}.Debug|x64.Build.0 = Debug|x64
		{6B1D0739-0839-41E4-B9B3-596C4D11402B}.Debug|x86.ActiveCfg = Debug|Win32
		{6B1D0739-0839-41E4-B9B3-596C4D11402B}.Debug|x86.Build.0 = Debug|Win32
		{6B1D0739-0839-41E4-B9B3-596C4D11402B}.Release|x64.ActiveCfg = Release|x64
		{6B1D0739-0839-41E4-B9B3-596C4D11402B}.Release|x64.Build.0 = Release|x64
		{6B1D0739-0839-41E4-B9B3-596C4D11402B}.Release|x86.ActiveCfg = Release|Win32
		{6B1D0739-0839-41E4-B9B3-596C4D11402B}.Release|x86.Build.0 = Release|Win32
	EndGlobalSection
	GlobalSection(SolutionProperties) = preSolution
		HideSolutionNode = FALSE
	EndGlobalSection
	GlobalSection(ExtensibilityGlobals) = postSolution
		SolutionGuid = {7598B1A4-AC64-4528-A42B-4D9E588CDCF4}
	EndGlobalSection
EndGlobal
