
Microsoft Visual Studio Solution File, Format Version 12.00
# Visual Studio 15
VisualStudioVersion = 15.0.28307.902
MinimumVisualStudioVersion = 10.0.40219.1
Project("{8BC9CEB8-8B4A-11D0-8D11-00A0C91BC942}") = "非叶子节点个数", "非叶子节点个数\非叶子节点个数.vcxproj", "{44B91D1A-7B04-4E47-9F9A-5F46B462EC72}"
EndProject
Global
	GlobalSection(SolutionConfigurationPlatforms) = preSolution
		Debug|x64 = Debug|x64
		Debug|x86 = Debug|x86
		Release|x64 = Release|x64
		Release|x86 = Release|x86
	EndGlobalSection
	GlobalSection(ProjectConfigurationPlatforms) = postSolution
		{44B91D1A-7B04-4E47-9F9A-5F46B462EC72}.Debug|x64.ActiveCfg = Debug|x64
		{44B91D1A-7B04-4E47-9F9A-5F46B462EC72}.Debug|x64.Build.0 = Debug|x64
		{44B91D1A-7B04-4E47-9F9A-5F46B462EC72}.Debug|x86.ActiveCfg = Debug|Win32
		{44B91D1A-7B04-4E47-9F9A-5F46B462EC72}.Debug|x86.Build.0 = Debug|Win32
		{44B91D1A-7B04-4E47-9F9A-5F46B462EC72}.Release|x64.ActiveCfg = Release|x64
		{44B91D1A-7B04-4E47-9F9A-5F46B462EC72}.Release|x64.Build.0 = Release|x64
		{44B91D1A-7B04-4E47-9F9A-5F46B462EC72}.Release|x86.ActiveCfg = Release|Win32
		{44B91D1A-7B04-4E47-9F9A-5F46B462EC72}.Release|x86.Build.0 = Release|Win32
	EndGlobalSection
	GlobalSection(SolutionProperties) = preSolution
		HideSolutionNode = FALSE
	EndGlobalSection
	GlobalSection(ExtensibilityGlobals) = postSolution
		SolutionGuid = {A3035D2C-9DD8-450C-9E3B-1CC9FC271411}
	EndGlobalSection
EndGlobal
