
Microsoft Visual Studio Solution File, Format Version 12.00
# Visual Studio 15
VisualStudioVersion = 15.0.28307.168
MinimumVisualStudioVersion = 10.0.40219.1
Project("{8BC9CEB8-8B4A-11D0-8D11-00A0C91BC942}") = "work_6_5", "work_6_5\work_6_5.vcxproj", "{FAB92604-53E9-4A29-B270-E544939CDF85}"
EndProject
Global
	GlobalSection(SolutionConfigurationPlatforms) = preSolution
		Debug|x64 = Debug|x64
		Debug|x86 = Debug|x86
		Release|x64 = Release|x64
		Release|x86 = Release|x86
	EndGlobalSection
	GlobalSection(ProjectConfigurationPlatforms) = postSolution
		{FAB92604-53E9-4A29-B270-E544939CDF85}.Debug|x64.ActiveCfg = Debug|x64
		{FAB92604-53E9-4A29-B270-E544939CDF85}.Debug|x64.Build.0 = Debug|x64
		{FAB92604-53E9-4A29-B270-E544939CDF85}.Debug|x86.ActiveCfg = Debug|Win32
		{FAB92604-53E9-4A29-B270-E544939CDF85}.Debug|x86.Build.0 = Debug|Win32
		{FAB92604-53E9-4A29-B270-E544939CDF85}.Release|x64.ActiveCfg = Release|x64
		{FAB92604-53E9-4A29-B270-E544939CDF85}.Release|x64.Build.0 = Release|x64
		{FAB92604-53E9-4A29-B270-E544939CDF85}.Release|x86.ActiveCfg = Release|Win32
		{FAB92604-53E9-4A29-B270-E544939CDF85}.Release|x86.Build.0 = Release|Win32
	EndGlobalSection
	GlobalSection(SolutionProperties) = preSolution
		HideSolutionNode = FALSE
	EndGlobalSection
	GlobalSection(ExtensibilityGlobals) = postSolution
		SolutionGuid = {88167254-DDD5-4CE0-978E-97A1AC68A3DE}
	EndGlobalSection
EndGlobal
