
Microsoft Visual Studio Solution File, Format Version 12.00
# Visual Studio 15
VisualStudioVersion = 15.0.28307.168
MinimumVisualStudioVersion = 10.0.40219.1
Project("{8BC9CEB8-8B4A-11D0-8D11-00A0C91BC942}") = "课设x4", "课设x4\课设x4.vcxproj", "{179DB1E2-08D4-4E65-BB05-A28EE70034D2}"
EndProject
Global
	GlobalSection(SolutionConfigurationPlatforms) = preSolution
		Debug|x64 = Debug|x64
		Debug|x86 = Debug|x86
		Release|x64 = Release|x64
		Release|x86 = Release|x86
	EndGlobalSection
	GlobalSection(ProjectConfigurationPlatforms) = postSolution
		{179DB1E2-08D4-4E65-BB05-A28EE70034D2}.Debug|x64.ActiveCfg = Debug|x64
		{179DB1E2-08D4-4E65-BB05-A28EE70034D2}.Debug|x64.Build.0 = Debug|x64
		{179DB1E2-08D4-4E65-BB05-A28EE70034D2}.Debug|x86.ActiveCfg = Debug|Win32
		{179DB1E2-08D4-4E65-BB05-A28EE70034D2}.Debug|x86.Build.0 = Debug|Win32
		{179DB1E2-08D4-4E65-BB05-A28EE70034D2}.Release|x64.ActiveCfg = Release|x64
		{179DB1E2-08D4-4E65-BB05-A28EE70034D2}.Release|x64.Build.0 = Release|x64
		{179DB1E2-08D4-4E65-BB05-A28EE70034D2}.Release|x86.ActiveCfg = Release|Win32
		{179DB1E2-08D4-4E65-BB05-A28EE70034D2}.Release|x86.Build.0 = Release|Win32
	EndGlobalSection
	GlobalSection(SolutionProperties) = preSolution
		HideSolutionNode = FALSE
	EndGlobalSection
	GlobalSection(ExtensibilityGlobals) = postSolution
		SolutionGuid = {209E9E72-32EB-47A3-A4F9-7B03EE8CAF7F}
	EndGlobalSection
EndGlobal
