
Microsoft Visual Studio Solution File, Format Version 12.00
# Visual Studio 15
VisualStudioVersion = 15.0.28307.168
MinimumVisualStudioVersion = 10.0.40219.1
Project("{8BC9CEB8-8B4A-11D0-8D11-00A0C91BC942}") = "day_14_6_4", "day_14_6_4\day_14_6_4.vcxproj", "{B4702EEF-4828-4944-A0C6-ADA5A3673FEB}"
EndProject
Global
	GlobalSection(SolutionConfigurationPlatforms) = preSolution
		Debug|x64 = Debug|x64
		Debug|x86 = Debug|x86
		Release|x64 = Release|x64
		Release|x86 = Release|x86
	EndGlobalSection
	GlobalSection(ProjectConfigurationPlatforms) = postSolution
		{B4702EEF-4828-4944-A0C6-ADA5A3673FEB}.Debug|x64.ActiveCfg = Debug|x64
		{B4702EEF-4828-4944-A0C6-ADA5A3673FEB}.Debug|x64.Build.0 = Debug|x64
		{B4702EEF-4828-4944-A0C6-ADA5A3673FEB}.Debug|x86.ActiveCfg = Debug|Win32
		{B4702EEF-4828-4944-A0C6-ADA5A3673FEB}.Debug|x86.Build.0 = Debug|Win32
		{B4702EEF-4828-4944-A0C6-ADA5A3673FEB}.Release|x64.ActiveCfg = Release|x64
		{B4702EEF-4828-4944-A0C6-ADA5A3673FEB}.Release|x64.Build.0 = Release|x64
		{B4702EEF-4828-4944-A0C6-ADA5A3673FEB}.Release|x86.ActiveCfg = Release|Win32
		{B4702EEF-4828-4944-A0C6-ADA5A3673FEB}.Release|x86.Build.0 = Release|Win32
	EndGlobalSection
	GlobalSection(SolutionProperties) = preSolution
		HideSolutionNode = FALSE
	EndGlobalSection
	GlobalSection(ExtensibilityGlobals) = postSolution
		SolutionGuid = {855A2E5C-484B-4B1E-A142-B6FA5DB7A274}
	EndGlobalSection
EndGlobal
