
Microsoft Visual Studio Solution File, Format Version 12.00
# Visual Studio 15
VisualStudioVersion = 15.0.28307.168
MinimumVisualStudioVersion = 10.0.40219.1
Project("{8BC9CEB8-8B4A-11D0-8D11-00A0C91BC942}") = "vacation_8_24", "vacation_8_24\vacation_8_24.vcxproj", "{53F928A6-D55B-4051-819F-DDEE69A6330B}"
EndProject
Global
	GlobalSection(SolutionConfigurationPlatforms) = preSolution
		Debug|x64 = Debug|x64
		Debug|x86 = Debug|x86
		Release|x64 = Release|x64
		Release|x86 = Release|x86
	EndGlobalSection
	GlobalSection(ProjectConfigurationPlatforms) = postSolution
		{53F928A6-D55B-4051-819F-DDEE69A6330B}.Debug|x64.ActiveCfg = Debug|x64
		{53F928A6-D55B-4051-819F-DDEE69A6330B}.Debug|x64.Build.0 = Debug|x64
		{53F928A6-D55B-4051-819F-DDEE69A6330B}.Debug|x86.ActiveCfg = Debug|Win32
		{53F928A6-D55B-4051-819F-DDEE69A6330B}.Debug|x86.Build.0 = Debug|Win32
		{53F928A6-D55B-4051-819F-DDEE69A6330B}.Release|x64.ActiveCfg = Release|x64
		{53F928A6-D55B-4051-819F-DDEE69A6330B}.Release|x64.Build.0 = Release|x64
		{53F928A6-D55B-4051-819F-DDEE69A6330B}.Release|x86.ActiveCfg = Release|Win32
		{53F928A6-D55B-4051-819F-DDEE69A6330B}.Release|x86.Build.0 = Release|Win32
	EndGlobalSection
	GlobalSection(SolutionProperties) = preSolution
		HideSolutionNode = FALSE
	EndGlobalSection
	GlobalSection(ExtensibilityGlobals) = postSolution
		SolutionGuid = {5DA05C4C-0737-40A0-B4EB-4C6D5727C54F}
	EndGlobalSection
EndGlobal
